
Microsoft Visual Studio Solution File, Format Version 12.00
# Visual Studio Version 17
VisualStudioVersion = 17.3.32901.215
MinimumVisualStudioVersion = 10.0.40219.1
Project("{FAE04EC0-301F-11D3-BF4B-00C04F79EFBC}") = "Ponder_Prove_W01", "Ponder and Prove W01\Ponder_Prove_W01.csproj", "{89DDBDD2-FF3A-4362-99B2-0C465F536888}"
EndProject
Global
	GlobalSection(SolutionConfigurationPlatforms) = preSolution
		Debug|Any CPU = Debug|Any CPU
		Release|Any CPU = Release|Any CPU
	EndGlobalSection
	GlobalSection(ProjectConfigurationPlatforms) = postSolution
		{89DDBDD2-FF3A-4362-99B2-0C465F536888}.Debug|Any CPU.ActiveCfg = Debug|Any CPU
		{89DDBDD2-FF3A-4362-99B2-0C465F536888}.Debug|Any CPU.Build.0 = Debug|Any CPU
		{89DDBDD2-FF3A-4362-99B2-0C465F536888}.Release|Any CPU.ActiveCfg = Release|Any CPU
		{89DDBDD2-FF3A-4362-99B2-0C465F536888}.Release|Any CPU.Build.0 = Release|Any CPU
	EndGlobalSection
	GlobalSection(SolutionProperties) = preSolution
		HideSolutionNode = FALSE
	EndGlobalSection
	GlobalSection(ExtensibilityGlobals) = postSolution
		SolutionGuid = {AE83CDBE-7796-4F49-8206-7B0196048960}
	EndGlobalSection
EndGlobal
